// !$*UTF8*$!
{
	archiveVersion = 1;
	classes = {
	};
	objectVersion = 50;
	objects = {

/* Begin PBXBuildFile section */
		1B51A154480C9F6386242C21 /* Pods_NTS.framework in Frameworks */ = {isa = PBXBuildFile; fileRef = 447635330312D194D71264F4 /* Pods_NTS.framework */; };
		63129E8521652DB60067DE4D /* CoreDataConstants.swift in Sources */ = {isa = PBXBuildFile; fileRef = 63129E8421652DB60067DE4D /* CoreDataConstants.swift */; };
		633E29E52167D58E00E7E224 /* ProductHistoryViewModel.swift in Sources */ = {isa = PBXBuildFile; fileRef = 633E29E42167D58E00E7E224 /* ProductHistoryViewModel.swift */; };
		635F66D521638FD600FF6010 /* Assets.xcassets in Resources */ = {isa = PBXBuildFile; fileRef = 635F66D421638FD600FF6010 /* Assets.xcassets */; };
		635F66E321638FD600FF6010 /* NTSTests.swift in Sources */ = {isa = PBXBuildFile; fileRef = 635F66E221638FD600FF6010 /* NTSTests.swift */; };
		635F66EE21638FD600FF6010 /* NTSUITests.swift in Sources */ = {isa = PBXBuildFile; fileRef = 635F66ED21638FD600FF6010 /* NTSUITests.swift */; };
		635F67092163909E00FF6010 /* NTS.xcdatamodeld in Sources */ = {isa = PBXBuildFile; fileRef = 635F67012163909D00FF6010 /* NTS.xcdatamodeld */; };
		635F670A2163909E00FF6010 /* NTS.xcdatamodeld in Sources */ = {isa = PBXBuildFile; fileRef = 635F67012163909D00FF6010 /* NTS.xcdatamodeld */; };
		635F670B2163909E00FF6010 /* NTS.xcdatamodeld in Sources */ = {isa = PBXBuildFile; fileRef = 635F67012163909D00FF6010 /* NTS.xcdatamodeld */; };
		635F670C2163909E00FF6010 /* AppDelegate.swift in Sources */ = {isa = PBXBuildFile; fileRef = 635F67052163909E00FF6010 /* AppDelegate.swift */; };
		635F670D2163909E00FF6010 /* AppDelegate.swift in Sources */ = {isa = PBXBuildFile; fileRef = 635F67052163909E00FF6010 /* AppDelegate.swift */; };
		635F670E2163909E00FF6010 /* AppDelegate.swift in Sources */ = {isa = PBXBuildFile; fileRef = 635F67052163909E00FF6010 /* AppDelegate.swift */; };
		635F6711216399FE00FF6010 /* ApiRequest.swift in Sources */ = {isa = PBXBuildFile; fileRef = 635F6710216399FE00FF6010 /* ApiRequest.swift */; };
		635F671221639A0400FF6010 /* ApiRequest.swift in Sources */ = {isa = PBXBuildFile; fileRef = 635F6710216399FE00FF6010 /* ApiRequest.swift */; };
		635F671321639A0400FF6010 /* ApiRequest.swift in Sources */ = {isa = PBXBuildFile; fileRef = 635F6710216399FE00FF6010 /* ApiRequest.swift */; };
		635F67152163AD2100FF6010 /* ProductListViewController.swift in Sources */ = {isa = PBXBuildFile; fileRef = 635F67142163AD2100FF6010 /* ProductListViewController.swift */; };
		635F67172163AD3300FF6010 /* HistoryListViewController.swift in Sources */ = {isa = PBXBuildFile; fileRef = 635F67162163AD3300FF6010 /* HistoryListViewController.swift */; };
		635F67192163AD4100FF6010 /* CheckOutViewController.swift in Sources */ = {isa = PBXBuildFile; fileRef = 635F67182163AD4100FF6010 /* CheckOutViewController.swift */; };
		635F67502163B47A00FF6010 /* ApiContsants.swift in Sources */ = {isa = PBXBuildFile; fileRef = 635F674F2163B47A00FF6010 /* ApiContsants.swift */; };
		635F67512163B47A00FF6010 /* ApiContsants.swift in Sources */ = {isa = PBXBuildFile; fileRef = 635F674F2163B47A00FF6010 /* ApiContsants.swift */; };
		635F67522163B47A00FF6010 /* ApiContsants.swift in Sources */ = {isa = PBXBuildFile; fileRef = 635F674F2163B47A00FF6010 /* ApiContsants.swift */; };
		635F67542163B49900FF6010 /* GlobalConstants.swift in Sources */ = {isa = PBXBuildFile; fileRef = 635F67532163B49900FF6010 /* GlobalConstants.swift */; };
		635F67552163B49900FF6010 /* GlobalConstants.swift in Sources */ = {isa = PBXBuildFile; fileRef = 635F67532163B49900FF6010 /* GlobalConstants.swift */; };
		635F67562163B49900FF6010 /* GlobalConstants.swift in Sources */ = {isa = PBXBuildFile; fileRef = 635F67532163B49900FF6010 /* GlobalConstants.swift */; };
		6361EA49216A30D80048ADE6 /* ProductCollectionViewCell.swift in Sources */ = {isa = PBXBuildFile; fileRef = 6361EA47216A30D80048ADE6 /* ProductCollectionViewCell.swift */; };
		6361EA4A216A30D80048ADE6 /* ProductCollectionViewCell.swift in Sources */ = {isa = PBXBuildFile; fileRef = 6361EA47216A30D80048ADE6 /* ProductCollectionViewCell.swift */; };
		6361EA4B216A30D80048ADE6 /* ProductCollectionViewCell.xib in Resources */ = {isa = PBXBuildFile; fileRef = 6361EA48216A30D80048ADE6 /* ProductCollectionViewCell.xib */; };
		6361EA4C216A30D80048ADE6 /* ProductCollectionViewCell.xib in Resources */ = {isa = PBXBuildFile; fileRef = 6361EA48216A30D80048ADE6 /* ProductCollectionViewCell.xib */; };
		636263E52163B8B90047A09C /* LaunchScreen.storyboard in Resources */ = {isa = PBXBuildFile; fileRef = 636263E42163B8B90047A09C /* LaunchScreen.storyboard */; };
		636263E62163B8B90047A09C /* LaunchScreen.storyboard in Resources */ = {isa = PBXBuildFile; fileRef = 636263E42163B8B90047A09C /* LaunchScreen.storyboard */; };
		636263E72163B8B90047A09C /* LaunchScreen.storyboard in Resources */ = {isa = PBXBuildFile; fileRef = 636263E42163B8B90047A09C /* LaunchScreen.storyboard */; };
		636263E92163BAC30047A09C /* ProductsViewModel.swift in Sources */ = {isa = PBXBuildFile; fileRef = 636263E82163BAC30047A09C /* ProductsViewModel.swift */; };
		636263EA2163BAC30047A09C /* ProductsViewModel.swift in Sources */ = {isa = PBXBuildFile; fileRef = 636263E82163BAC30047A09C /* ProductsViewModel.swift */; };
		636263EB2163BAC30047A09C /* ProductsViewModel.swift in Sources */ = {isa = PBXBuildFile; fileRef = 636263E82163BAC30047A09C /* ProductsViewModel.swift */; };
		636263ED2163BAD10047A09C /* ProductModel.swift in Sources */ = {isa = PBXBuildFile; fileRef = 636263EC2163BAD10047A09C /* ProductModel.swift */; };
		636263EE2163BAD10047A09C /* ProductModel.swift in Sources */ = {isa = PBXBuildFile; fileRef = 636263EC2163BAD10047A09C /* ProductModel.swift */; };
		636263EF2163BAD10047A09C /* ProductModel.swift in Sources */ = {isa = PBXBuildFile; fileRef = 636263EC2163BAD10047A09C /* ProductModel.swift */; };
		636263F72163C46B0047A09C /* CommonFuncations.swift in Sources */ = {isa = PBXBuildFile; fileRef = 636263F62163C46B0047A09C /* CommonFuncations.swift */; };
		636263F82163C4720047A09C /* CommonFuncations.swift in Sources */ = {isa = PBXBuildFile; fileRef = 636263F62163C46B0047A09C /* CommonFuncations.swift */; };
		636263F92163C4730047A09C /* CommonFuncations.swift in Sources */ = {isa = PBXBuildFile; fileRef = 636263F62163C46B0047A09C /* CommonFuncations.swift */; };
		63F2C1CF21666F8500610D9D /* CoreDataConstants.swift in Sources */ = {isa = PBXBuildFile; fileRef = 63129E8421652DB60067DE4D /* CoreDataConstants.swift */; };
		63F2C1D021666F8600610D9D /* CoreDataConstants.swift in Sources */ = {isa = PBXBuildFile; fileRef = 63129E8421652DB60067DE4D /* CoreDataConstants.swift */; };
		815CB6EF705F5085DF6C214C /* Pods_NTSUITests.framework in Frameworks */ = {isa = PBXBuildFile; fileRef = 590F2278DCA89B9BF1B8AA07 /* Pods_NTSUITests.framework */; };
		C6C9CA9ADF3B9CBE87FB98DD /* Pods_NTSTests.framework in Frameworks */ = {isa = PBXBuildFile; fileRef = 89B252C23450FED4BD463A08 /* Pods_NTSTests.framework */; };
/* End PBXBuildFile section */

/* Begin PBXContainerItemProxy section */
		635F66DF21638FD600FF6010 /* PBXContainerItemProxy */ = {
			isa = PBXContainerItemProxy;
			containerPortal = 635F66BF21638FD400FF6010 /* Project object */;
			proxyType = 1;
			remoteGlobalIDString = 635F66C621638FD400FF6010;
			remoteInfo = NTS;
		};
		635F66EA21638FD600FF6010 /* PBXContainerItemProxy */ = {
			isa = PBXContainerItemProxy;
			containerPortal = 635F66BF21638FD400FF6010 /* Project object */;
			proxyType = 1;
			remoteGlobalIDString = 635F66C621638FD400FF6010;
			remoteInfo = NTS;
		};
/* End PBXContainerItemProxy section */

/* Begin PBXFileReference section */
		0ABEF583F9075A1318829EC2 /* Pods-NTSTests.release.xcconfig */ = {isa = PBXFileReference; includeInIndex = 1; lastKnownFileType = text.xcconfig; name = "Pods-NTSTests.release.xcconfig"; path = "Pods/Target Support Files/Pods-NTSTests/Pods-NTSTests.release.xcconfig"; sourceTree = "<group>"; };
		25A70CDD11CA56AE03E8A813 /* Pods-NTS.debug.xcconfig */ = {isa = PBXFileReference; includeInIndex = 1; lastKnownFileType = text.xcconfig; name = "Pods-NTS.debug.xcconfig"; path = "Pods/Target Support Files/Pods-NTS/Pods-NTS.debug.xcconfig"; sourceTree = "<group>"; };
		2D93BC2EE7164691D3EC86A3 /* Pods-NTSUITests.debug.xcconfig */ = {isa = PBXFileReference; includeInIndex = 1; lastKnownFileType = text.xcconfig; name = "Pods-NTSUITests.debug.xcconfig"; path = "Pods/Target Support Files/Pods-NTSUITests/Pods-NTSUITests.debug.xcconfig"; sourceTree = "<group>"; };
		447635330312D194D71264F4 /* Pods_NTS.framework */ = {isa = PBXFileReference; explicitFileType = wrapper.framework; includeInIndex = 0; path = Pods_NTS.framework; sourceTree = BUILT_PRODUCTS_DIR; };
		590F2278DCA89B9BF1B8AA07 /* Pods_NTSUITests.framework */ = {isa = PBXFileReference; explicitFileType = wrapper.framework; includeInIndex = 0; path = Pods_NTSUITests.framework; sourceTree = BUILT_PRODUCTS_DIR; };
		63129E8421652DB60067DE4D /* CoreDataConstants.swift */ = {isa = PBXFileReference; lastKnownFileType = sourcecode.swift; path = CoreDataConstants.swift; sourceTree = "<group>"; };
		633E29E42167D58E00E7E224 /* ProductHistoryViewModel.swift */ = {isa = PBXFileReference; lastKnownFileType = sourcecode.swift; path = ProductHistoryViewModel.swift; sourceTree = "<group>"; };
		635F66C721638FD400FF6010 /* NTS.app */ = {isa = PBXFileReference; explicitFileType = wrapper.application; includeInIndex = 0; path = NTS.app; sourceTree = BUILT_PRODUCTS_DIR; };
		635F66D421638FD600FF6010 /* Assets.xcassets */ = {isa = PBXFileReference; lastKnownFileType = folder.assetcatalog; path = Assets.xcassets; sourceTree = "<group>"; };
		635F66DE21638FD600FF6010 /* NTSTests.xctest */ = {isa = PBXFileReference; explicitFileType = wrapper.cfbundle; includeInIndex = 0; path = NTSTests.xctest; sourceTree = BUILT_PRODUCTS_DIR; };
		635F66E221638FD600FF6010 /* NTSTests.swift */ = {isa = PBXFileReference; lastKnownFileType = sourcecode.swift; path = NTSTests.swift; sourceTree = "<group>"; };
		635F66E421638FD600FF6010 /* Info.plist */ = {isa = PBXFileReference; lastKnownFileType = text.plist.xml; path = Info.plist; sourceTree = "<group>"; };
		635F66E921638FD600FF6010 /* NTSUITests.xctest */ = {isa = PBXFileReference; explicitFileType = wrapper.cfbundle; includeInIndex = 0; path = NTSUITests.xctest; sourceTree = BUILT_PRODUCTS_DIR; };
		635F66ED21638FD600FF6010 /* NTSUITests.swift */ = {isa = PBXFileReference; lastKnownFileType = sourcecode.swift; path = NTSUITests.swift; sourceTree = "<group>"; };
		635F66EF21638FD600FF6010 /* Info.plist */ = {isa = PBXFileReference; lastKnownFileType = text.plist.xml; path = Info.plist; sourceTree = "<group>"; };
		635F66FE2163909D00FF6010 /* Info.plist */ = {isa = PBXFileReference; fileEncoding = 4; lastKnownFileType = text.plist.xml; path = Info.plist; sourceTree = "<group>"; };
		635F67022163909D00FF6010 /* NTS.xcdatamodel */ = {isa = PBXFileReference; lastKnownFileType = wrapper.xcdatamodel; path = NTS.xcdatamodel; sourceTree = "<group>"; };
		635F67052163909E00FF6010 /* AppDelegate.swift */ = {isa = PBXFileReference; fileEncoding = 4; lastKnownFileType = sourcecode.swift; path = AppDelegate.swift; sourceTree = "<group>"; };
		635F6710216399FE00FF6010 /* ApiRequest.swift */ = {isa = PBXFileReference; fileEncoding = 4; lastKnownFileType = sourcecode.swift; path = ApiRequest.swift; sourceTree = "<group>"; };
		635F67142163AD2100FF6010 /* ProductListViewController.swift */ = {isa = PBXFileReference; lastKnownFileType = sourcecode.swift; path = ProductListViewController.swift; sourceTree = "<group>"; };
		635F67162163AD3300FF6010 /* HistoryListViewController.swift */ = {isa = PBXFileReference; lastKnownFileType = sourcecode.swift; path = HistoryListViewController.swift; sourceTree = "<group>"; };
		635F67182163AD4100FF6010 /* CheckOutViewController.swift */ = {isa = PBXFileReference; lastKnownFileType = sourcecode.swift; path = CheckOutViewController.swift; sourceTree = "<group>"; };
		635F674F2163B47A00FF6010 /* ApiContsants.swift */ = {isa = PBXFileReference; lastKnownFileType = sourcecode.swift; path = ApiContsants.swift; sourceTree = "<group>"; };
		635F67532163B49900FF6010 /* GlobalConstants.swift */ = {isa = PBXFileReference; lastKnownFileType = sourcecode.swift; path = GlobalConstants.swift; sourceTree = "<group>"; };
		6361EA47216A30D80048ADE6 /* ProductCollectionViewCell.swift */ = {isa = PBXFileReference; lastKnownFileType = sourcecode.swift; path = ProductCollectionViewCell.swift; sourceTree = "<group>"; };
		6361EA48216A30D80048ADE6 /* ProductCollectionViewCell.xib */ = {isa = PBXFileReference; lastKnownFileType = file.xib; path = ProductCollectionViewCell.xib; sourceTree = "<group>"; };
		636263E42163B8B90047A09C /* LaunchScreen.storyboard */ = {isa = PBXFileReference; lastKnownFileType = file.storyboard; path = LaunchScreen.storyboard; sourceTree = "<group>"; };
		636263E82163BAC30047A09C /* ProductsViewModel.swift */ = {isa = PBXFileReference; lastKnownFileType = sourcecode.swift; path = ProductsViewModel.swift; sourceTree = "<group>"; };
		636263EC2163BAD10047A09C /* ProductModel.swift */ = {isa = PBXFileReference; lastKnownFileType = sourcecode.swift; path = ProductModel.swift; sourceTree = "<group>"; };
		636263F62163C46B0047A09C /* CommonFuncations.swift */ = {isa = PBXFileReference; fileEncoding = 4; lastKnownFileType = sourcecode.swift; path = CommonFuncations.swift; sourceTree = "<group>"; };
		6BFB7666EF473176853F6D1F /* Pods-NTSTests.debug.xcconfig */ = {isa = PBXFileReference; includeInIndex = 1; lastKnownFileType = text.xcconfig; name = "Pods-NTSTests.debug.xcconfig"; path = "Pods/Target Support Files/Pods-NTSTests/Pods-NTSTests.debug.xcconfig"; sourceTree = "<group>"; };
		89B252C23450FED4BD463A08 /* Pods_NTSTests.framework */ = {isa = PBXFileReference; explicitFileType = wrapper.framework; includeInIndex = 0; path = Pods_NTSTests.framework; sourceTree = BUILT_PRODUCTS_DIR; };
		C891A98323057EBD93FD3AE7 /* Pods-NTS.release.xcconfig */ = {isa = PBXFileReference; includeInIndex = 1; lastKnownFileType = text.xcconfig; name = "Pods-NTS.release.xcconfig"; path = "Pods/Target Support Files/Pods-NTS/Pods-NTS.release.xcconfig"; sourceTree = "<group>"; };
		EB80FCD9510CC5A6BBEF3A4E /* Pods-NTSUITests.release.xcconfig */ = {isa = PBXFileReference; includeInIndex = 1; lastKnownFileType = text.xcconfig; name = "Pods-NTSUITests.release.xcconfig"; path = "Pods/Target Support Files/Pods-NTSUITests/Pods-NTSUITests.release.xcconfig"; sourceTree = "<group>"; };
/* End PBXFileReference section */

/* Begin PBXFrameworksBuildPhase section */
		635F66C421638FD400FF6010 /* Frameworks */ = {
			isa = PBXFrameworksBuildPhase;
			buildActionMask = 2147483647;
			files = (
				1B51A154480C9F6386242C21 /* Pods_NTS.framework in Frameworks */,
			);
			runOnlyForDeploymentPostprocessing = 0;
		};
		635F66DB21638FD600FF6010 /* Frameworks */ = {
			isa = PBXFrameworksBuildPhase;
			buildActionMask = 2147483647;
			files = (
				C6C9CA9ADF3B9CBE87FB98DD /* Pods_NTSTests.framework in Frameworks */,
			);
			runOnlyForDeploymentPostprocessing = 0;
		};
		635F66E621638FD600FF6010 /* Frameworks */ = {
			isa = PBXFrameworksBuildPhase;
			buildActionMask = 2147483647;
			files = (
				815CB6EF705F5085DF6C214C /* Pods_NTSUITests.framework in Frameworks */,
			);
			runOnlyForDeploymentPostprocessing = 0;
		};
/* End PBXFrameworksBuildPhase section */

/* Begin PBXGroup section */
		352E1204142AA8109A24241F /* Frameworks */ = {
			isa = PBXGroup;
			children = (
				447635330312D194D71264F4 /* Pods_NTS.framework */,
				89B252C23450FED4BD463A08 /* Pods_NTSTests.framework */,
				590F2278DCA89B9BF1B8AA07 /* Pods_NTSUITests.framework */,
			);
			name = Frameworks;
			sourceTree = "<group>";
		};
		635F66BE21638FD400FF6010 = {
			isa = PBXGroup;
			children = (
				635F66C921638FD400FF6010 /* NTS */,
				635F66E121638FD600FF6010 /* NTSTests */,
				635F66EC21638FD600FF6010 /* NTSUITests */,
				635F66C821638FD400FF6010 /* Products */,
				83E05C962B958984B2846F69 /* Pods */,
				352E1204142AA8109A24241F /* Frameworks */,
			);
			sourceTree = "<group>";
		};
		635F66C821638FD400FF6010 /* Products */ = {
			isa = PBXGroup;
			children = (
				635F66C721638FD400FF6010 /* NTS.app */,
				635F66DE21638FD600FF6010 /* NTSTests.xctest */,
				635F66E921638FD600FF6010 /* NTSUITests.xctest */,
			);
			name = Products;
			sourceTree = "<group>";
		};
		635F66C921638FD400FF6010 /* NTS */ = {
			isa = PBXGroup;
			children = (
				636263F52163C46B0047A09C /* CommonFuncations */,
				636263F02163BB630047A09C /* UICollectionViewCells */,
				635F674E2163B3BA00FF6010 /* Constants */,
				635F670F216399FE00FF6010 /* ApiRequestHandler */,
				635F67042163909E00FF6010 /* AppDelegate */,
				635F66FB2163909D00FF6010 /* Controllers */,
				635F67002163909D00FF6010 /* DataBase */,
				635F66FF2163909D00FF6010 /* Models */,
				635F66FD2163909D00FF6010 /* plists */,
				635F67032163909D00FF6010 /* ViewModels */,
				635F66FC2163909D00FF6010 /* Views */,
				635F66D421638FD600FF6010 /* Assets.xcassets */,
			);
			path = NTS;
			sourceTree = "<group>";
		};
		635F66E121638FD600FF6010 /* NTSTests */ = {
			isa = PBXGroup;
			children = (
				635F66E221638FD600FF6010 /* NTSTests.swift */,
				635F66E421638FD600FF6010 /* Info.plist */,
			);
			path = NTSTests;
			sourceTree = "<group>";
		};
		635F66EC21638FD600FF6010 /* NTSUITests */ = {
			isa = PBXGroup;
			children = (
				635F66ED21638FD600FF6010 /* NTSUITests.swift */,
				635F66EF21638FD600FF6010 /* Info.plist */,
			);
			path = NTSUITests;
			sourceTree = "<group>";
		};
		635F66FB2163909D00FF6010 /* Controllers */ = {
			isa = PBXGroup;
			children = (
				635F67142163AD2100FF6010 /* ProductListViewController.swift */,
				635F67162163AD3300FF6010 /* HistoryListViewController.swift */,
				635F67182163AD4100FF6010 /* CheckOutViewController.swift */,
			);
			path = Controllers;
			sourceTree = "<group>";
		};
		635F66FC2163909D00FF6010 /* Views */ = {
			isa = PBXGroup;
			children = (
				636263E42163B8B90047A09C /* LaunchScreen.storyboard */,
			);
			path = Views;
			sourceTree = "<group>";
		};
		635F66FD2163909D00FF6010 /* plists */ = {
			isa = PBXGroup;
			children = (
				635F66FE2163909D00FF6010 /* Info.plist */,
			);
			path = plists;
			sourceTree = "<group>";
		};
		635F66FF2163909D00FF6010 /* Models */ = {
			isa = PBXGroup;
			children = (
				636263EC2163BAD10047A09C /* ProductModel.swift */,
			);
			path = Models;
			sourceTree = "<group>";
		};
		635F67002163909D00FF6010 /* DataBase */ = {
			isa = PBXGroup;
			children = (
				635F67012163909D00FF6010 /* NTS.xcdatamodeld */,
			);
			path = DataBase;
			sourceTree = "<group>";
		};
		635F67032163909D00FF6010 /* ViewModels */ = {
			isa = PBXGroup;
			children = (
				636263E82163BAC30047A09C /* ProductsViewModel.swift */,
				633E29E42167D58E00E7E224 /* ProductHistoryViewModel.swift */,
			);
			path = ViewModels;
			sourceTree = "<group>";
		};
		635F67042163909E00FF6010 /* AppDelegate */ = {
			isa = PBXGroup;
			children = (
				635F67052163909E00FF6010 /* AppDelegate.swift */,
			);
			path = AppDelegate;
			sourceTree = "<group>";
		};
		635F670F216399FE00FF6010 /* ApiRequestHandler */ = {
			isa = PBXGroup;
			children = (
				635F6710216399FE00FF6010 /* ApiRequest.swift */,
			);
			path = ApiRequestHandler;
			sourceTree = "<group>";
		};
		635F674E2163B3BA00FF6010 /* Constants */ = {
			isa = PBXGroup;
			children = (
				635F674F2163B47A00FF6010 /* ApiContsants.swift */,
				635F67532163B49900FF6010 /* GlobalConstants.swift */,
				63129E8421652DB60067DE4D /* CoreDataConstants.swift */,
			);
			path = Constants;
			sourceTree = "<group>";
		};
		636263F02163BB630047A09C /* UICollectionViewCells */ = {
			isa = PBXGroup;
			children = (
				6361EA47216A30D80048ADE6 /* ProductCollectionViewCell.swift */,
				6361EA48216A30D80048ADE6 /* ProductCollectionViewCell.xib */,
			);
			path = UICollectionViewCells;
			sourceTree = "<group>";
		};
		636263F52163C46B0047A09C /* CommonFuncations */ = {
			isa = PBXGroup;
			children = (
				636263F62163C46B0047A09C /* CommonFuncations.swift */,
			);
			path = CommonFuncations;
			sourceTree = "<group>";
		};
		83E05C962B958984B2846F69 /* Pods */ = {
			isa = PBXGroup;
			children = (
				25A70CDD11CA56AE03E8A813 /* Pods-NTS.debug.xcconfig */,
				C891A98323057EBD93FD3AE7 /* Pods-NTS.release.xcconfig */,
				6BFB7666EF473176853F6D1F /* Pods-NTSTests.debug.xcconfig */,
				0ABEF583F9075A1318829EC2 /* Pods-NTSTests.release.xcconfig */,
				2D93BC2EE7164691D3EC86A3 /* Pods-NTSUITests.debug.xcconfig */,
				EB80FCD9510CC5A6BBEF3A4E /* Pods-NTSUITests.release.xcconfig */,
			);
			name = Pods;
			sourceTree = "<group>";
		};
/* End PBXGroup section */

/* Begin PBXNativeTarget section */
		635F66C621638FD400FF6010 /* NTS */ = {
			isa = PBXNativeTarget;
			buildConfigurationList = 635F66F221638FD600FF6010 /* Build configuration list for PBXNativeTarget "NTS" */;
			buildPhases = (
				AF096AF2F05970D549EE4467 /* [CP] Check Pods Manifest.lock */,
				635F66C321638FD400FF6010 /* Sources */,
				635F66C421638FD400FF6010 /* Frameworks */,
				635F66C521638FD400FF6010 /* Resources */,
				A3DD6D1F5AAEAA8A01584E12 /* [CP] Embed Pods Frameworks */,
			);
			buildRules = (
			);
			dependencies = (
			);
			name = NTS;
			productName = NTS;
			productReference = 635F66C721638FD400FF6010 /* NTS.app */;
			productType = "com.apple.product-type.application";
		};
		635F66DD21638FD600FF6010 /* NTSTests */ = {
			isa = PBXNativeTarget;
			buildConfigurationList = 635F66F521638FD600FF6010 /* Build configuration list for PBXNativeTarget "NTSTests" */;
			buildPhases = (
				6A8052CEDCDCED1FCEF03B94 /* [CP] Check Pods Manifest.lock */,
				635F66DA21638FD600FF6010 /* Sources */,
				635F66DB21638FD600FF6010 /* Frameworks */,
				635F66DC21638FD600FF6010 /* Resources */,
			);
			buildRules = (
			);
			dependencies = (
				635F66E021638FD600FF6010 /* PBXTargetDependency */,
			);
			name = NTSTests;
			productName = NTSTests;
			productReference = 635F66DE21638FD600FF6010 /* NTSTests.xctest */;
			productType = "com.apple.product-type.bundle.unit-test";
		};
		635F66E821638FD600FF6010 /* NTSUITests */ = {
			isa = PBXNativeTarget;
			buildConfigurationList = 635F66F821638FD600FF6010 /* Build configuration list for PBXNativeTarget "NTSUITests" */;
			buildPhases = (
				D94C87145C6DFA5E9368E8FA /* [CP] Check Pods Manifest.lock */,
				635F66E521638FD600FF6010 /* Sources */,
				635F66E621638FD600FF6010 /* Frameworks */,
				635F66E721638FD600FF6010 /* Resources */,
			);
			buildRules = (
			);
			dependencies = (
				635F66EB21638FD600FF6010 /* PBXTargetDependency */,
			);
			name = NTSUITests;
			productName = NTSUITests;
			productReference = 635F66E921638FD600FF6010 /* NTSUITests.xctest */;
			productType = "com.apple.product-type.bundle.ui-testing";
		};
/* End PBXNativeTarget section */

/* Begin PBXProject section */
		635F66BF21638FD400FF6010 /* Project object */ = {
			isa = PBXProject;
			attributes = {
				LastSwiftUpdateCheck = 1000;
				LastUpgradeCheck = 1000;
				ORGANIZATIONNAME = NancyM;
				TargetAttributes = {
					635F66C621638FD400FF6010 = {
						CreatedOnToolsVersion = 10.0;
					};
					635F66DD21638FD600FF6010 = {
						CreatedOnToolsVersion = 10.0;
						TestTargetID = 635F66C621638FD400FF6010;
					};
					635F66E821638FD600FF6010 = {
						CreatedOnToolsVersion = 10.0;
						TestTargetID = 635F66C621638FD400FF6010;
					};
				};
			};
			buildConfigurationList = 635F66C221638FD400FF6010 /* Build configuration list for PBXProject "NTS" */;
			compatibilityVersion = "Xcode 9.3";
			developmentRegion = en;
			hasScannedForEncodings = 0;
			knownRegions = (
				en,
				Base,
			);
			mainGroup = 635F66BE21638FD400FF6010;
			productRefGroup = 635F66C821638FD400FF6010 /* Products */;
			projectDirPath = "";
			projectRoot = "";
			targets = (
				635F66C621638FD400FF6010 /* NTS */,
				635F66DD21638FD600FF6010 /* NTSTests */,
				635F66E821638FD600FF6010 /* NTSUITests */,
			);
		};
/* End PBXProject section */

/* Begin PBXResourcesBuildPhase section */
		635F66C521638FD400FF6010 /* Resources */ = {
			isa = PBXResourcesBuildPhase;
			buildActionMask = 2147483647;
			files = (
				636263E52163B8B90047A09C /* LaunchScreen.storyboard in Resources */,
				635F66D521638FD600FF6010 /* Assets.xcassets in Resources */,
				6361EA4B216A30D80048ADE6 /* ProductCollectionViewCell.xib in Resources */,
			);
			runOnlyForDeploymentPostprocessing = 0;
		};
		635F66DC21638FD600FF6010 /* Resources */ = {
			isa = PBXResourcesBuildPhase;
			buildActionMask = 2147483647;
			files = (
				636263E62163B8B90047A09C /* LaunchScreen.storyboard in Resources */,
				6361EA4C216A30D80048ADE6 /* ProductCollectionViewCell.xib in Resources */,
			);
			runOnlyForDeploymentPostprocessing = 0;
		};
		635F66E721638FD600FF6010 /* Resources */ = {
			isa = PBXResourcesBuildPhase;
			buildActionMask = 2147483647;
			files = (
				636263E72163B8B90047A09C /* LaunchScreen.storyboard in Resources */,
			);
			runOnlyForDeploymentPostprocessing = 0;
		};
/* End PBXResourcesBuildPhase section */

/* Begin PBXShellScriptBuildPhase section */
		6A8052CEDCDCED1FCEF03B94 /* [CP] Check Pods Manifest.lock */ = {
			isa = PBXShellScriptBuildPhase;
			buildActionMask = 2147483647;
			files = (
			);
			inputFileListPaths = (
			);
			inputPaths = (
				"${PODS_PODFILE_DIR_PATH}/Podfile.lock",
				"${PODS_ROOT}/Manifest.lock",
			);
			name = "[CP] Check Pods Manifest.lock";
			outputFileListPaths = (
			);
			outputPaths = (
				"$(DERIVED_FILE_DIR)/Pods-NTSTests-checkManifestLockResult.txt",
			);
			runOnlyForDeploymentPostprocessing = 0;
			shellPath = /bin/sh;
			shellScript = "diff \"${PODS_PODFILE_DIR_PATH}/Podfile.lock\" \"${PODS_ROOT}/Manifest.lock\" > /dev/null\nif [ $? != 0 ] ; then\n    # print error to STDERR\n    echo \"error: The sandbox is not in sync with the Podfile.lock. Run 'pod install' or update your CocoaPods installation.\" >&2\n    exit 1\nfi\n# This output is used by Xcode 'outputs' to avoid re-running this script phase.\necho \"SUCCESS\" > \"${SCRIPT_OUTPUT_FILE_0}\"\n";
			showEnvVarsInLog = 0;
		};
		A3DD6D1F5AAEAA8A01584E12 /* [CP] Embed Pods Frameworks */ = {
			isa = PBXShellScriptBuildPhase;
			buildActionMask = 2147483647;
			files = (
			);
			inputFileListPaths = (
			);
			inputPaths = (
				"${SRCROOT}/Pods/Target Support Files/Pods-NTS/Pods-NTS-frameworks.sh",
				"${BUILT_PRODUCTS_DIR}/Alamofire/Alamofire.framework",
				"${BUILT_PRODUCTS_DIR}/AlamofireImage/AlamofireImage.framework",
				"${BUILT_PRODUCTS_DIR}/Differentiator/Differentiator.framework",
				"${BUILT_PRODUCTS_DIR}/LoadingPlaceholderView/LoadingPlaceholderView.framework",
				"${BUILT_PRODUCTS_DIR}/RMPZoomTransitionAnimator/RMPZoomTransitionAnimator.framework",
				"${BUILT_PRODUCTS_DIR}/RxBlocking/RxBlocking.framework",
				"${BUILT_PRODUCTS_DIR}/RxCocoa/RxCocoa.framework",
				"${BUILT_PRODUCTS_DIR}/RxCoreData/RxCoreData.framework",
				"${BUILT_PRODUCTS_DIR}/RxDataSources/RxDataSources.framework",
				"${BUILT_PRODUCTS_DIR}/RxSwift/RxSwift.framework",
			);
			name = "[CP] Embed Pods Frameworks";
			outputFileListPaths = (
			);
			outputPaths = (
				"${TARGET_BUILD_DIR}/${FRAMEWORKS_FOLDER_PATH}/Alamofire.framework",
				"${TARGET_BUILD_DIR}/${FRAMEWORKS_FOLDER_PATH}/AlamofireImage.framework",
				"${TARGET_BUILD_DIR}/${FRAMEWORKS_FOLDER_PATH}/Differentiator.framework",
				"${TARGET_BUILD_DIR}/${FRAMEWORKS_FOLDER_PATH}/LoadingPlaceholderView.framework",
				"${TARGET_BUILD_DIR}/${FRAMEWORKS_FOLDER_PATH}/RMPZoomTransitionAnimator.framework",
				"${TARGET_BUILD_DIR}/${FRAMEWORKS_FOLDER_PATH}/RxBlocking.framework",
				"${TARGET_BUILD_DIR}/${FRAMEWORKS_FOLDER_PATH}/RxCocoa.framework",
				"${TARGET_BUILD_DIR}/${FRAMEWORKS_FOLDER_PATH}/RxCoreData.framework",
				"${TARGET_BUILD_DIR}/${FRAMEWORKS_FOLDER_PATH}/RxDataSources.framework",
				"${TARGET_BUILD_DIR}/${FRAMEWORKS_FOLDER_PATH}/RxSwift.framework",
			);
			runOnlyForDeploymentPostprocessing = 0;
			shellPath = /bin/sh;
			shellScript = "\"${SRCROOT}/Pods/Target Support Files/Pods-NTS/Pods-NTS-frameworks.sh\"\n";
			showEnvVarsInLog = 0;
		};
		AF096AF2F05970D549EE4467 /* [CP] Check Pods Manifest.lock */ = {
			isa = PBXShellScriptBuildPhase;
			buildActionMask = 2147483647;
			files = (
			);
			inputFileListPaths = (
			);
			inputPaths = (
				"${PODS_PODFILE_DIR_PATH}/Podfile.lock",
				"${PODS_ROOT}/Manifest.lock",
			);
			name = "[CP] Check Pods Manifest.lock";
			outputFileListPaths = (
			);
			outputPaths = (
				"$(DERIVED_FILE_DIR)/Pods-NTS-checkManifestLockResult.txt",
			);
			runOnlyForDeploymentPostprocessing = 0;
			shellPath = /bin/sh;
			shellScript = "diff \"${PODS_PODFILE_DIR_PATH}/Podfile.lock\" \"${PODS_ROOT}/Manifest.lock\" > /dev/null\nif [ $? != 0 ] ; then\n    # print error to STDERR\n    echo \"error: The sandbox is not in sync with the Podfile.lock. Run 'pod install' or update your CocoaPods installation.\" >&2\n    exit 1\nfi\n# This output is used by Xcode 'outputs' to avoid re-running this script phase.\necho \"SUCCESS\" > \"${SCRIPT_OUTPUT_FILE_0}\"\n";
			showEnvVarsInLog = 0;
		};
		D94C87145C6DFA5E9368E8FA /* [CP] Check Pods Manifest.lock */ = {
			isa = PBXShellScriptBuildPhase;
			buildActionMask = 2147483647;
			files = (
			);
			inputFileListPaths = (
			);
			inputPaths = (
				"${PODS_PODFILE_DIR_PATH}/Podfile.lock",
				"${PODS_ROOT}/Manifest.lock",
			);
			name = "[CP] Check Pods Manifest.lock";
			outputFileListPaths = (
			);
			outputPaths = (
				"$(DERIVED_FILE_DIR)/Pods-NTSUITests-checkManifestLockResult.txt",
			);
			runOnlyForDeploymentPostprocessing = 0;
			shellPath = /bin/sh;
			shellScript = "diff \"${PODS_PODFILE_DIR_PATH}/Podfile.lock\" \"${PODS_ROOT}/Manifest.lock\" > /dev/null\nif [ $? != 0 ] ; then\n    # print error to STDERR\n    echo \"error: The sandbox is not in sync with the Podfile.lock. Run 'pod install' or update your CocoaPods installation.\" >&2\n    exit 1\nfi\n# This output is used by Xcode 'outputs' to avoid re-running this script phase.\necho \"SUCCESS\" > \"${SCRIPT_OUTPUT_FILE_0}\"\n";
			showEnvVarsInLog = 0;
		};
/* End PBXShellScriptBuildPhase section */

/* Begin PBXSourcesBuildPhase section */
		635F66C321638FD400FF6010 /* Sources */ = {
			isa = PBXSourcesBuildPhase;
			buildActionMask = 2147483647;
			files = (
				636263E92163BAC30047A09C /* ProductsViewModel.swift in Sources */,
				635F67192163AD4100FF6010 /* CheckOutViewController.swift in Sources */,
				635F670C2163909E00FF6010 /* AppDelegate.swift in Sources */,
				635F67172163AD3300FF6010 /* HistoryListViewController.swift in Sources */,
				635F67092163909E00FF6010 /* NTS.xcdatamodeld in Sources */,
				635F67152163AD2100FF6010 /* ProductListViewController.swift in Sources */,
				635F67502163B47A00FF6010 /* ApiContsants.swift in Sources */,
				6361EA49216A30D80048ADE6 /* ProductCollectionViewCell.swift in Sources */,
				63129E8521652DB60067DE4D /* CoreDataConstants.swift in Sources */,
				635F67542163B49900FF6010 /* GlobalConstants.swift in Sources */,
				633E29E52167D58E00E7E224 /* ProductHistoryViewModel.swift in Sources */,
				636263F72163C46B0047A09C /* CommonFuncations.swift in Sources */,
				635F6711216399FE00FF6010 /* ApiRequest.swift in Sources */,
				636263ED2163BAD10047A09C /* ProductModel.swift in Sources */,
			);
			runOnlyForDeploymentPostprocessing = 0;
		};
		635F66DA21638FD600FF6010 /* Sources */ = {
			isa = PBXSourcesBuildPhase;
			buildActionMask = 2147483647;
			files = (
				635F670D2163909E00FF6010 /* AppDelegate.swift in Sources */,
				635F66E321638FD600FF6010 /* NTSTests.swift in Sources */,
				636263EA2163BAC30047A09C /* ProductsViewModel.swift in Sources */,
				63F2C1CF21666F8500610D9D /* CoreDataConstants.swift in Sources */,
				636263F82163C4720047A09C /* CommonFuncations.swift in Sources */,
				635F671221639A0400FF6010 /* ApiRequest.swift in Sources */,
				635F67512163B47A00FF6010 /* ApiContsants.swift in Sources */,
				635F67552163B49900FF6010 /* GlobalConstants.swift in Sources */,
				635F670A2163909E00FF6010 /* NTS.xcdatamodeld in Sources */,
				6361EA4A216A30D80048ADE6 /* ProductCollectionViewCell.swift in Sources */,
				636263EE2163BAD10047A09C /* ProductModel.swift in Sources */,
			);
			runOnlyForDeploymentPostprocessing = 0;
		};
		635F66E521638FD600FF6010 /* Sources */ = {
			isa = PBXSourcesBuildPhase;
			buildActionMask = 2147483647;
			files = (
				635F670E2163909E00FF6010 /* AppDelegate.swift in Sources */,
				635F66EE21638FD600FF6010 /* NTSUITests.swift in Sources */,
				636263EB2163BAC30047A09C /* ProductsViewModel.swift in Sources */,
				63F2C1D021666F8600610D9D /* CoreDataConstants.swift in Sources */,
				636263F92163C4730047A09C /* CommonFuncations.swift in Sources */,
				635F671321639A0400FF6010 /* ApiRequest.swift in Sources */,
				635F67522163B47A00FF6010 /* ApiContsants.swift in Sources */,
				635F67562163B49900FF6010 /* GlobalConstants.swift in Sources */,
				635F670B2163909E00FF6010 /* NTS.xcdatamodeld in Sources */,
				636263EF2163BAD10047A09C /* ProductModel.swift in Sources */,
			);
			runOnlyForDeploymentPostprocessing = 0;
		};
/* End PBXSourcesBuildPhase section */

/* Begin PBXTargetDependency section */
		635F66E021638FD600FF6010 /* PBXTargetDependency */ = {
			isa = PBXTargetDependency;
			target = 635F66C621638FD400FF6010 /* NTS */;
			targetProxy = 635F66DF21638FD600FF6010 /* PBXContainerItemProxy */;
		};
		635F66EB21638FD600FF6010 /* PBXTargetDependency */ = {
			isa = PBXTargetDependency;
			target = 635F66C621638FD400FF6010 /* NTS */;
			targetProxy = 635F66EA21638FD600FF6010 /* PBXContainerItemProxy */;
		};
/* End PBXTargetDependency section */

/* Begin XCBuildConfiguration section */
		635F66F021638FD600FF6010 /* Debug */ = {
			isa = XCBuildConfiguration;
			buildSettings = {
				ALWAYS_SEARCH_USER_PATHS = NO;
				CLANG_ANALYZER_NONNULL = YES;
				CLANG_ANALYZER_NUMBER_OBJECT_CONVERSION = YES_AGGRESSIVE;
				CLANG_CXX_LANGUAGE_STANDARD = "gnu++14";
				CLANG_CXX_LIBRARY = "libc++";
				CLANG_ENABLE_MODULES = YES;
				CLANG_ENABLE_OBJC_ARC = YES;
				CLANG_ENABLE_OBJC_WEAK = YES;
				CLANG_WARN_BLOCK_CAPTURE_AUTORELEASING = YES;
				CLANG_WARN_BOOL_CONVERSION = YES;
				CLANG_WARN_COMMA = YES;
				CLANG_WARN_CONSTANT_CONVERSION = YES;
				CLANG_WARN_DEPRECATED_OBJC_IMPLEMENTATIONS = YES;
				CLANG_WARN_DIRECT_OBJC_ISA_USAGE = YES_ERROR;
				CLANG_WARN_DOCUMENTATION_COMMENTS = YES;
				CLANG_WARN_EMPTY_BODY = YES;
				CLANG_WARN_ENUM_CONVERSION = YES;
				CLANG_WARN_INFINITE_RECURSION = YES;
				CLANG_WARN_INT_CONVERSION = YES;
				CLANG_WARN_NON_LITERAL_NULL_CONVERSION = YES;
				CLANG_WARN_OBJC_IMPLICIT_RETAIN_SELF = YES;
				CLANG_WARN_OBJC_LITERAL_CONVERSION = YES;
				CLANG_WARN_OBJC_ROOT_CLASS = YES_ERROR;
				CLANG_WARN_RANGE_LOOP_ANALYSIS = YES;
				CLANG_WARN_STRICT_PROTOTYPES = YES;
				CLANG_WARN_SUSPICIOUS_MOVE = YES;
				CLANG_WARN_UNGUARDED_AVAILABILITY = YES_AGGRESSIVE;
				CLANG_WARN_UNREACHABLE_CODE = YES;
				CLANG_WARN__DUPLICATE_METHOD_MATCH = YES;
				CODE_SIGN_IDENTITY = "iPhone Developer";
				COPY_PHASE_STRIP = NO;
				DEBUG_INFORMATION_FORMAT = dwarf;
				ENABLE_STRICT_OBJC_MSGSEND = YES;
				ENABLE_TESTABILITY = YES;
				GCC_C_LANGUAGE_STANDARD = gnu11;
				GCC_DYNAMIC_NO_PIC = NO;
				GCC_NO_COMMON_BLOCKS = YES;
				GCC_OPTIMIZATION_LEVEL = 0;
				GCC_PREPROCESSOR_DEFINITIONS = (
					"DEBUG=1",
					"$(inherited)",
				);
				GCC_WARN_64_TO_32_BIT_CONVERSION = YES;
				GCC_WARN_ABOUT_RETURN_TYPE = YES_ERROR;
				GCC_WARN_UNDECLARED_SELECTOR = YES;
				GCC_WARN_UNINITIALIZED_AUTOS = YES_AGGRESSIVE;
				GCC_WARN_UNUSED_FUNCTION = YES;
				GCC_WARN_UNUSED_VARIABLE = YES;
				IPHONEOS_DEPLOYMENT_TARGET = 12.0;
				MTL_ENABLE_DEBUG_INFO = INCLUDE_SOURCE;
				MTL_FAST_MATH = YES;
				ONLY_ACTIVE_ARCH = YES;
				SDKROOT = iphoneos;
				SWIFT_ACTIVE_COMPILATION_CONDITIONS = DEBUG;
				SWIFT_OPTIMIZATION_LEVEL = "-Onone";
			};
			name = Debug;
		};
		635F66F121638FD600FF6010 /* Release */ = {
			isa = XCBuildConfiguration;
			buildSettings = {
				ALWAYS_SEARCH_USER_PATHS = NO;
				CLANG_ANALYZER_NONNULL = YES;
				CLANG_ANALYZER_NUMBER_OBJECT_CONVERSION = YES_AGGRESSIVE;
				CLANG_CXX_LANGUAGE_STANDARD = "gnu++14";
				CLANG_CXX_LIBRARY = "libc++";
				CLANG_ENABLE_MODULES = YES;
				CLANG_ENABLE_OBJC_ARC = YES;
				CLANG_ENABLE_OBJC_WEAK = YES;
				CLANG_WARN_BLOCK_CAPTURE_AUTORELEASING = YES;
				CLANG_WARN_BOOL_CONVERSION = YES;
				CLANG_WARN_COMMA = YES;
				CLANG_WARN_CONSTANT_CONVERSION = YES;
				CLANG_WARN_DEPRECATED_OBJC_IMPLEMENTATIONS = YES;
				CLANG_WARN_DIRECT_OBJC_ISA_USAGE = YES_ERROR;
				CLANG_WARN_DOCUMENTATION_COMMENTS = YES;
				CLANG_WARN_EMPTY_BODY = YES;
				CLANG_WARN_ENUM_CONVERSION = YES;
				CLANG_WARN_INFINITE_RECURSION = YES;
				CLANG_WARN_INT_CONVERSION = YES;
				CLANG_WARN_NON_LITERAL_NULL_CONVERSION = YES;
				CLANG_WARN_OBJC_IMPLICIT_RETAIN_SELF = YES;
				CLANG_WARN_OBJC_LITERAL_CONVERSION = YES;
				CLANG_WARN_OBJC_ROOT_CLASS = YES_ERROR;
				CLANG_WARN_RANGE_LOOP_ANALYSIS = YES;
				CLANG_WARN_STRICT_PROTOTYPES = YES;
				CLANG_WARN_SUSPICIOUS_MOVE = YES;
				CLANG_WARN_UNGUARDED_AVAILABILITY = YES_AGGRESSIVE;
				CLANG_WARN_UNREACHABLE_CODE = YES;
				CLANG_WARN__DUPLICATE_METHOD_MATCH = YES;
				CODE_SIGN_IDENTITY = "iPhone Developer";
				COPY_PHASE_STRIP = NO;
				DEBUG_INFORMATION_FORMAT = "dwarf-with-dsym";
				ENABLE_NS_ASSERTIONS = NO;
				ENABLE_STRICT_OBJC_MSGSEND = YES;
				GCC_C_LANGUAGE_STANDARD = gnu11;
				GCC_NO_COMMON_BLOCKS = YES;
				GCC_WARN_64_TO_32_BIT_CONVERSION = YES;
				GCC_WARN_ABOUT_RETURN_TYPE = YES_ERROR;
				GCC_WARN_UNDECLARED_SELECTOR = YES;
				GCC_WARN_UNINITIALIZED_AUTOS = YES_AGGRESSIVE;
				GCC_WARN_UNUSED_FUNCTION = YES;
				GCC_WARN_UNUSED_VARIABLE = YES;
				IPHONEOS_DEPLOYMENT_TARGET = 12.0;
				MTL_ENABLE_DEBUG_INFO = NO;
				MTL_FAST_MATH = YES;
				SDKROOT = iphoneos;
				SWIFT_COMPILATION_MODE = wholemodule;
				SWIFT_OPTIMIZATION_LEVEL = "-O";
				VALIDATE_PRODUCT = YES;
			};
			name = Release;
		};
		635F66F321638FD600FF6010 /* Debug */ = {
			isa = XCBuildConfiguration;
			baseConfigurationReference = 25A70CDD11CA56AE03E8A813 /* Pods-NTS.debug.xcconfig */;
			buildSettings = {
				ASSETCATALOG_COMPILER_APPICON_NAME = AppIcon;
				CODE_SIGN_IDENTITY = "iPhone Developer";
				CODE_SIGN_STYLE = Automatic;
				DEVELOPMENT_TEAM = 6EMR9QZ5UX;
				ENABLE_BITCODE = NO;
				INFOPLIST_FILE = "$(SRCROOT)/NTS/plists/Info.plist";
				IPHONEOS_DEPLOYMENT_TARGET = 10.0;
				LD_RUNPATH_SEARCH_PATHS = (
					"$(inherited)",
					"@executable_path/Frameworks",
				);
				PRODUCT_BUNDLE_IDENTIFIER = com.app.NTS;
				PRODUCT_NAME = "$(TARGET_NAME)";
				PROVISIONING_PROFILE_SPECIFIER = "";
				SWIFT_VERSION = 4.2;
				TARGETED_DEVICE_FAMILY = 1;
			};
			name = Debug;
		};
		635F66F421638FD600FF6010 /* Release */ = {
			isa = XCBuildConfiguration;
			baseConfigurationReference = C891A98323057EBD93FD3AE7 /* Pods-NTS.release.xcconfig */;
			buildSettings = {
				ASSETCATALOG_COMPILER_APPICON_NAME = AppIcon;
				CODE_SIGN_IDENTITY = "iPhone Developer";
				CODE_SIGN_STYLE = Automatic;
				DEVELOPMENT_TEAM = 6EMR9QZ5UX;
				ENABLE_BITCODE = NO;
				INFOPLIST_FILE = "$(SRCROOT)/NTS/plists/Info.plist";
				IPHONEOS_DEPLOYMENT_TARGET = 10.0;
				LD_RUNPATH_SEARCH_PATHS = (
					"$(inherited)",
					"@executable_path/Frameworks",
				);
				PRODUCT_BUNDLE_IDENTIFIER = com.app.NTS;
				PRODUCT_NAME = "$(TARGET_NAME)";
				PROVISIONING_PROFILE_SPECIFIER = "";
				SWIFT_VERSION = 4.2;
				TARGETED_DEVICE_FAMILY = 1;
			};
			name = Release;
		};
		635F66F621638FD600FF6010 /* Debug */ = {
			isa = XCBuildConfiguration;
			baseConfigurationReference = 6BFB7666EF473176853F6D1F /* Pods-NTSTests.debug.xcconfig */;
			buildSettings = {
				ALWAYS_EMBED_SWIFT_STANDARD_LIBRARIES = YES;
				BUNDLE_LOADER = "$(TEST_HOST)";
				CODE_SIGN_STYLE = Automatic;
				DEVELOPMENT_TEAM = 5DL5M8RMDC;
				ENABLE_BITCODE = NO;
				INFOPLIST_FILE = NTSTests/Info.plist;
				LD_RUNPATH_SEARCH_PATHS = (
					"$(inherited)",
					"@executable_path/Frameworks",
					"@loader_path/Frameworks",
				);
				PRODUCT_BUNDLE_IDENTIFIER = com.app.NTSTests;
				PRODUCT_NAME = "$(TARGET_NAME)";
				SWIFT_VERSION = 4.2;
				TARGETED_DEVICE_FAMILY = "1,2";
				TEST_HOST = "$(BUILT_PRODUCTS_DIR)/NTS.app/NTS";
			};
			name = Debug;
		};
		635F66F721638FD600FF6010 /* Release */ = {
			isa = XCBuildConfiguration;
			baseConfigurationReference = 0ABEF583F9075A1318829EC2 /* Pods-NTSTests.release.xcconfig */;
			buildSettings = {
				ALWAYS_EMBED_SWIFT_STANDARD_LIBRARIES = YES;
				BUNDLE_LOADER = "$(TEST_HOST)";
				CODE_SIGN_STYLE = Automatic;
				DEVELOPMENT_TEAM = 5DL5M8RMDC;
				ENABLE_BITCODE = NO;
				INFOPLIST_FILE = NTSTests/Info.plist;
				LD_RUNPATH_SEARCH_PATHS = (
					"$(inherited)",
					"@executable_path/Frameworks",
					"@loader_path/Frameworks",
				);
				PRODUCT_BUNDLE_IDENTIFIER = com.app.NTSTests;
				PRODUCT_NAME = "$(TARGET_NAME)";
				SWIFT_VERSION = 4.2;
				TARGETED_DEVICE_FAMILY = "1,2";
				TEST_HOST = "$(BUILT_PRODUCTS_DIR)/NTS.app/NTS";
			};
			name = Release;
		};
		635F66F921638FD600FF6010 /* Debug */ = {
			isa = XCBuildConfiguration;
			baseConfigurationReference = 2D93BC2EE7164691D3EC86A3 /* Pods-NTSUITests.debug.xcconfig */;
			buildSettings = {
				ALWAYS_EMBED_SWIFT_STANDARD_LIBRARIES = YES;
				CODE_SIGN_STYLE = Automatic;
				DEVELOPMENT_TEAM = 5DL5M8RMDC;
				ENABLE_BITCODE = NO;
				INFOPLIST_FILE = NTSUITests/Info.plist;
				LD_RUNPATH_SEARCH_PATHS = (
					"$(inherited)",
					"@executable_path/Frameworks",
					"@loader_path/Frameworks",
				);
				PRODUCT_BUNDLE_IDENTIFIER = com.app.NTSUITests;
				PRODUCT_NAME = "$(TARGET_NAME)";
				SWIFT_VERSION = 4.2;
				TARGETED_DEVICE_FAMILY = "1,2";
				TEST_TARGET_NAME = NTS;
			};
			name = Debug;
		};
		635F66FA21638FD600FF6010 /* Release */ = {
			isa = XCBuildConfiguration;
			baseConfigurationReference = EB80FCD9510CC5A6BBEF3A4E /* Pods-NTSUITests.release.xcconfig */;
			buildSettings = {
				ALWAYS_EMBED_SWIFT_STANDARD_LIBRARIES = YES;
				CODE_SIGN_STYLE = Automatic;
				DEVELOPMENT_TEAM = 5DL5M8RMDC;
				ENABLE_BITCODE = NO;
				INFOPLIST_FILE = NTSUITests/Info.plist;
				LD_RUNPATH_SEARCH_PATHS = (
					"$(inherited)",
					"@executable_path/Frameworks",
					"@loader_path/Frameworks",
				);
				PRODUCT_BUNDLE_IDENTIFIER = com.app.NTSUITests;
				PRODUCT_NAME = "$(TARGET_NAME)";
				SWIFT_VERSION = 4.2;
				TARGETED_DEVICE_FAMILY = "1,2";
				TEST_TARGET_NAME = NTS;
			};
			name = Release;
		};
/* End XCBuildConfiguration section */

/* Begin XCConfigurationList section */
		635F66C221638FD400FF6010 /* Build configuration list for PBXProject "NTS" */ = {
			isa = XCConfigurationList;
			buildConfigurations = (
				635F66F021638FD600FF6010 /* Debug */,
				635F66F121638FD600FF6010 /* Release */,
			);
			defaultConfigurationIsVisible = 0;
			defaultConfigurationName = Release;
		};
		635F66F221638FD600FF6010 /* Build configuration list for PBXNativeTarget "NTS" */ = {
			isa = XCConfigurationList;
			buildConfigurations = (
				635F66F321638FD600FF6010 /* Debug */,
				635F66F421638FD600FF6010 /* Release */,
			);
			defaultConfigurationIsVisible = 0;
			defaultConfigurationName = Release;
		};
		635F66F521638FD600FF6010 /* Build configuration list for PBXNativeTarget "NTSTests" */ = {
			isa = XCConfigurationList;
			buildConfigurations = (
				635F66F621638FD600FF6010 /* Debug */,
				635F66F721638FD600FF6010 /* Release */,
			);
			defaultConfigurationIsVisible = 0;
			defaultConfigurationName = Release;
		};
		635F66F821638FD600FF6010 /* Build configuration list for PBXNativeTarget "NTSUITests" */ = {
			isa = XCConfigurationList;
			buildConfigurations = (
				635F66F921638FD600FF6010 /* Debug */,
				635F66FA21638FD600FF6010 /* Release */,
			);
			defaultConfigurationIsVisible = 0;
			defaultConfigurationName = Release;
		};
/* End XCConfigurationList section */

/* Begin XCVersionGroup section */
		635F67012163909D00FF6010 /* NTS.xcdatamodeld */ = {
			isa = XCVersionGroup;
			children = (
				635F67022163909D00FF6010 /* NTS.xcdatamodel */,
			);
			currentVersion = 635F67022163909D00FF6010 /* NTS.xcdatamodel */;
			path = NTS.xcdatamodeld;
			sourceTree = "<group>";
			versionGroupType = wrapper.xcdatamodel;
		};
/* End XCVersionGroup section */
	};
	rootObject = 635F66BF21638FD400FF6010 /* Project object */;
}
